// !$*UTF8*$!
{
	archiveVersion = 1;
	classes = {
	};
	objectVersion = 50;
	objects = {

/* Begin PBXBuildFile section */
		B6CCE81721DEB55A00A81DC1 /* AppDelegate.swift in Sources */ = {isa = PBXBuildFile; fileRef = B6CCE81621DEB55A00A81DC1 /* AppDelegate.swift */; };
		B6CCE81921DEB55A00A81DC1 /* ViewController.swift in Sources */ = {isa = PBXBuildFile; fileRef = B6CCE81821DEB55A00A81DC1 /* ViewController.swift */; };
		B6CCE81C21DEB55A00A81DC1 /* Main.storyboard in Resources */ = {isa = PBXBuildFile; fileRef = B6CCE81A21DEB55A00A81DC1 /* Main.storyboard */; };
		B6CCE81E21DEB55A00A81DC1 /* Assets.xcassets in Resources */ = {isa = PBXBuildFile; fileRef = B6CCE81D21DEB55A00A81DC1 /* Assets.xcassets */; };
		B6CCE82121DEB55B00A81DC1 /* LaunchScreen.storyboard in Resources */ = {isa = PBXBuildFile; fileRef = B6CCE81F21DEB55B00A81DC1 /* LaunchScreen.storyboard */; };
		B6CCE82C21DEB55B00A81DC1 /* Egg_TimerTests.swift in Sources */ = {isa = PBXBuildFile; fileRef = B6CCE82B21DEB55B00A81DC1 /* Egg_TimerTests.swift */; };
		B6CCE83721DEB55B00A81DC1 /* Egg_TimerUITests.swift in Sources */ = {isa = PBXBuildFile; fileRef = B6CCE83621DEB55B00A81DC1 /* Egg_TimerUITests.swift */; };
/* End PBXBuildFile section */

/* Begin PBXContainerItemProxy section */
		B6CCE82821DEB55B00A81DC1 /* PBXContainerItemProxy */ = {
			isa = PBXContainerItemProxy;
			containerPortal = B6CCE80B21DEB55A00A81DC1 /* Project object */;
			proxyType = 1;
			remoteGlobalIDString = B6CCE81221DEB55A00A81DC1;
			remoteInfo = "Egg Timer";
		};
		B6CCE83321DEB55B00A81DC1 /* PBXContainerItemProxy */ = {
			isa = PBXContainerItemProxy;
			containerPortal = B6CCE80B21DEB55A00A81DC1 /* Project object */;
			proxyType = 1;
			remoteGlobalIDString = B6CCE81221DEB55A00A81DC1;
			remoteInfo = "Egg Timer";
		};
/* End PBXContainerItemProxy section */

/* Begin PBXFileReference section */
		B6CCE81321DEB55A00A81DC1 /* Egg Timer.app */ = {isa = PBXFileReference; explicitFileType = wrapper.application; includeInIndex = 0; path = "Egg Timer.app"; sourceTree = BUILT_PRODUCTS_DIR; };
		B6CCE81621DEB55A00A81DC1 /* AppDelegate.swift */ = {isa = PBXFileReference; lastKnownFileType = sourcecode.swift; path = AppDelegate.swift; sourceTree = "<group>"; };
		B6CCE81821DEB55A00A81DC1 /* ViewController.swift */ = {isa = PBXFileReference; lastKnownFileType = sourcecode.swift; path = ViewController.swift; sourceTree = "<group>"; };
		B6CCE81B21DEB55A00A81DC1 /* Base */ = {isa = PBXFileReference; lastKnownFileType = file.storyboard; name = Base; path = Base.lproj/Main.storyboard; sourceTree = "<group>"; };
		B6CCE81D21DEB55A00A81DC1 /* Assets.xcassets */ = {isa = PBXFileReference; lastKnownFileType = folder.assetcatalog; path = Assets.xcassets; sourceTree = "<group>"; };
		B6CCE82021DEB55B00A81DC1 /* Base */ = {isa = PBXFileReference; lastKnownFileType = file.storyboard; name = Base; path = Base.lproj/LaunchScreen.storyboard; sourceTree = "<group>"; };
		B6CCE82221DEB55B00A81DC1 /* Info.plist */ = {isa = PBXFileReference; lastKnownFileType = text.plist.xml; path = Info.plist; sourceTree = "<group>"; };
		B6CCE82721DEB55B00A81DC1 /* Egg TimerTests.xctest */ = {isa = PBXFileReference; explicitFileType = wrapper.cfbundle; includeInIndex = 0; path = "Egg TimerTests.xctest"; sourceTree = BUILT_PRODUCTS_DIR; };
		B6CCE82B21DEB55B00A81DC1 /* Egg_TimerTests.swift */ = {isa = PBXFileReference; lastKnownFileType = sourcecode.swift; path = Egg_TimerTests.swift; sourceTree = "<group>"; };
		B6CCE82D21DEB55B00A81DC1 /* Info.plist */ = {isa = PBXFileReference; lastKnownFileType = text.plist.xml; path = Info.plist; sourceTree = "<group>"; };
		B6CCE83221DEB55B00A81DC1 /* Egg TimerUITests.xctest */ = {isa = PBXFileReference; explicitFileType = wrapper.cfbundle; includeInIndex = 0; path = "Egg TimerUITests.xctest"; sourceTree = BUILT_PRODUCTS_DIR; };
		B6CCE83621DEB55B00A81DC1 /* Egg_TimerUITests.swift */ = {isa = PBXFileReference; lastKnownFileType = sourcecode.swift; path = Egg_TimerUITests.swift; sourceTree = "<group>"; };
		B6CCE83821DEB55B00A81DC1 /* Info.plist */ = {isa = PBXFileReference; lastKnownFileType = text.plist.xml; path = Info.plist; sourceTree = "<group>"; };
/* End PBXFileReference section */

/* Begin PBXFrameworksBuildPhase section */
		B6CCE81021DEB55A00A81DC1 /* Frameworks */ = {
			isa = PBXFrameworksBuildPhase;
			buildActionMask = 2147483647;
			files = (
			);
			runOnlyForDeploymentPostprocessing = 0;
		};
		B6CCE82421DEB55B00A81DC1 /* Frameworks */ = {
			isa = PBXFrameworksBuildPhase;
			buildActionMask = 2147483647;
			files = (
			);
			runOnlyForDeploymentPostprocessing = 0;
		};
		B6CCE82F21DEB55B00A81DC1 /* Frameworks */ = {
			isa = PBXFrameworksBuildPhase;
			buildActionMask = 2147483647;
			files = (
			);
			runOnlyForDeploymentPostprocessing = 0;
		};
/* End PBXFrameworksBuildPhase section */

/* Begin PBXGroup section */
		B6CCE80A21DEB55A00A81DC1 = {
			isa = PBXGroup;
			children = (
				B6CCE81521DEB55A00A81DC1 /* Egg Timer */,
				B6CCE82A21DEB55B00A81DC1 /* Egg TimerTests */,
				B6CCE83521DEB55B00A81DC1 /* Egg TimerUITests */,
				B6CCE81421DEB55A00A81DC1 /* Products */,
			);
			sourceTree = "<group>";
		};
		B6CCE81421DEB55A00A81DC1 /* Products */ = {
			isa = PBXGroup;
			children = (
				B6CCE81321DEB55A00A81DC1 /* Egg Timer.app */,
				B6CCE82721DEB55B00A81DC1 /* Egg TimerTests.xctest */,
				B6CCE83221DEB55B00A81DC1 /* Egg TimerUITests.xctest */,
			);
			name = Products;
			sourceTree = "<group>";
		};
		B6CCE81521DEB55A00A81DC1 /* Egg Timer */ = {
			isa = PBXGroup;
			children = (
				B6CCE81621DEB55A00A81DC1 /* AppDelegate.swift */,
				B6CCE81821DEB55A00A81DC1 /* ViewController.swift */,
				B6CCE81A21DEB55A00A81DC1 /* Main.storyboard */,
				B6CCE81D21DEB55A00A81DC1 /* Assets.xcassets */,
				B6CCE81F21DEB55B00A81DC1 /* LaunchScreen.storyboard */,
				B6CCE82221DEB55B00A81DC1 /* Info.plist */,
			);
			path = "Egg Timer";
			sourceTree = "<group>";
		};
		B6CCE82A21DEB55B00A81DC1 /* Egg TimerTests */ = {
			isa = PBXGroup;
			children = (
				B6CCE82B21DEB55B00A81DC1 /* Egg_TimerTests.swift */,
				B6CCE82D21DEB55B00A81DC1 /* Info.plist */,
			);
			path = "Egg TimerTests";
			sourceTree = "<group>";
		};
		B6CCE83521DEB55B00A81DC1 /* Egg TimerUITests */ = {
			isa = PBXGroup;
			children = (
				B6CCE83621DEB55B00A81DC1 /* Egg_TimerUITests.swift */,
				B6CCE83821DEB55B00A81DC1 /* Info.plist */,
			);
			path = "Egg TimerUITests";
			sourceTree = "<group>";
		};
/* End PBXGroup section */

/* Begin PBXNativeTarget section */
		B6CCE81221DEB55A00A81DC1 /* Egg Timer */ = {
			isa = PBXNativeTarget;
			buildConfigurationList = B6CCE83B21DEB55B00A81DC1 /* Build configuration list for PBXNativeTarget "Egg Timer" */;
			buildPhases = (
				B6CCE80F21DEB55A00A81DC1 /* Sources */,
				B6CCE81021DEB55A00A81DC1 /* Frameworks */,
				B6CCE81121DEB55A00A81DC1 /* Resources */,
			);
			buildRules = (
			);
			dependencies = (
			);
			name = "Egg Timer";
			productName = "Egg Timer";
			productReference = B6CCE81321DEB55A00A81DC1 /* Egg Timer.app */;
			productType = "com.apple.product-type.application";
		};
		B6CCE82621DEB55B00A81DC1 /* Egg TimerTests */ = {
			isa = PBXNativeTarget;
			buildConfigurationList = B6CCE83E21DEB55B00A81DC1 /* Build configuration list for PBXNativeTarget "Egg TimerTests" */;
			buildPhases = (
				B6CCE82321DEB55B00A81DC1 /* Sources */,
				B6CCE82421DEB55B00A81DC1 /* Frameworks */,
				B6CCE82521DEB55B00A81DC1 /* Resources */,
			);
			buildRules = (
			);
			dependencies = (
				B6CCE82921DEB55B00A81DC1 /* PBXTargetDependency */,
			);
			name = "Egg TimerTests";
			productName = "Egg TimerTests";
			productReference = B6CCE82721DEB55B00A81DC1 /* Egg TimerTests.xctest */;
			productType = "com.apple.product-type.bundle.unit-test";
		};
		B6CCE83121DEB55B00A81DC1 /* Egg TimerUITests */ = {
			isa = PBXNativeTarget;
			buildConfigurationList = B6CCE84121DEB55B00A81DC1 /* Build configuration list for PBXNativeTarget "Egg TimerUITests" */;
			buildPhases = (
				B6CCE82E21DEB55B00A81DC1 /* Sources */,
				B6CCE82F21DEB55B00A81DC1 /* Frameworks */,
				B6CCE83021DEB55B00A81DC1 /* Resources */,
			);
			buildRules = (
			);
			dependencies = (
				B6CCE83421DEB55B00A81DC1 /* PBXTargetDependency */,
			);
			name = "Egg TimerUITests";
			productName = "Egg TimerUITests";
			productReference = B6CCE83221DEB55B00A81DC1 /* Egg TimerUITests.xctest */;
			productType = "com.apple.product-type.bundle.ui-testing";
		};
/* End PBXNativeTarget section */

/* Begin PBXProject section */
		B6CCE80B21DEB55A00A81DC1 /* Project object */ = {
			isa = PBXProject;
			attributes = {
				LastSwiftUpdateCheck = 1010;
				LastUpgradeCheck = 1010;
				ORGANIZATIONNAME = "Quentin Pousseur";
				TargetAttributes = {
					B6CCE81221DEB55A00A81DC1 = {
						CreatedOnToolsVersion = 10.1;
					};
					B6CCE82621DEB55B00A81DC1 = {
						CreatedOnToolsVersion = 10.1;
						TestTargetID = B6CCE81221DEB55A00A81DC1;
					};
					B6CCE83121DEB55B00A81DC1 = {
						CreatedOnToolsVersion = 10.1;
						TestTargetID = B6CCE81221DEB55A00A81DC1;
					};
				};
			};
			buildConfigurationList = B6CCE80E21DEB55A00A81DC1 /* Build configuration list for PBXProject "Egg Timer" */;
			compatibilityVersion = "Xcode 9.3";
			developmentRegion = en;
			hasScannedForEncodings = 0;
			knownRegions = (
				en,
				Base,
			);
			mainGroup = B6CCE80A21DEB55A00A81DC1;
			productRefGroup = B6CCE81421DEB55A00A81DC1 /* Products */;
			projectDirPath = "";
			projectRoot = "";
			targets = (
				B6CCE81221DEB55A00A81DC1 /* Egg Timer */,
				B6CCE82621DEB55B00A81DC1 /* Egg TimerTests */,
				B6CCE83121DEB55B00A81DC1 /* Egg TimerUITests */,
			);
		};
/* End PBXProject section */

/* Begin PBXResourcesBuildPhase section */
		B6CCE81121DEB55A00A81DC1 /* Resources */ = {
			isa = PBXResourcesBuildPhase;
			buildActionMask = 2147483647;
			files = (
				B6CCE82121DEB55B00A81DC1 /* LaunchScreen.storyboard in Resources */,
				B6CCE81E21DEB55A00A81DC1 /* Assets.xcassets in Resources */,
				B6CCE81C21DEB55A00A81DC1 /* Main.storyboard in Resources */,
			);
			runOnlyForDeploymentPostprocessing = 0;
		};
		B6CCE82521DEB55B00A81DC1 /* Resources */ = {
			isa = PBXResourcesBuildPhase;
			buildActionMask = 2147483647;
			files = (
			);
			runOnlyForDeploymentPostprocessing = 0;
		};
		B6CCE83021DEB55B00A81DC1 /* Resources */ = {
			isa = PBXResourcesBuildPhase;
			buildActionMask = 2147483647;
			files = (
			);
			runOnlyForDeploymentPostprocessing = 0;
		};
/* End PBXResourcesBuildPhase section */

/* Begin PBXSourcesBuildPhase section */
		B6CCE80F21DEB55A00A81DC1 /* Sources */ = {
			isa = PBXSourcesBuildPhase;
			buildActionMask = 2147483647;
			files = (
				B6CCE81921DEB55A00A81DC1 /* ViewController.swift in Sources */,
				B6CCE81721DEB55A00A81DC1 /* AppDelegate.swift in Sources */,
			);
			runOnlyForDeploymentPostprocessing = 0;
		};
		B6CCE82321DEB55B00A81DC1 /* Sources */ = {
			isa = PBXSourcesBuildPhase;
			buildActionMask = 2147483647;
			files = (
				B6CCE82C21DEB55B00A81DC1 /* Egg_TimerTests.swift in Sources */,
			);
			runOnlyForDeploymentPostprocessing = 0;
		};
		B6CCE82E21DEB55B00A81DC1 /* Sources */ = {
			isa = PBXSourcesBuildPhase;
			buildActionMask = 2147483647;
			files = (
				B6CCE83721DEB55B00A81DC1 /* Egg_TimerUITests.swift in Sources */,
			);
			runOnlyForDeploymentPostprocessing = 0;
		};
/* End PBXSourcesBuildPhase section */

/* Begin PBXTargetDependency section */
		B6CCE82921DEB55B00A81DC1 /* PBXTargetDependency */ = {
			isa = PBXTargetDependency;
			target = B6CCE81221DEB55A00A81DC1 /* Egg Timer */;
			targetProxy = B6CCE82821DEB55B00A81DC1 /* PBXContainerItemProxy */;
		};
		B6CCE83421DEB55B00A81DC1 /* PBXTargetDependency */ = {
			isa = PBXTargetDependency;
			target = B6CCE81221DEB55A00A81DC1 /* Egg Timer */;
			targetProxy = B6CCE83321DEB55B00A81DC1 /* PBXContainerItemProxy */;
		};
/* End PBXTargetDependency section */

/* Begin PBXVariantGroup section */
		B6CCE81A21DEB55A00A81DC1 /* Main.storyboard */ = {
			isa = PBXVariantGroup;
			children = (
				B6CCE81B21DEB55A00A81DC1 /* Base */,
			);
			name = Main.storyboard;
			sourceTree = "<group>";
		};
		B6CCE81F21DEB55B00A81DC1 /* LaunchScreen.storyboard */ = {
			isa = PBXVariantGroup;
			children = (
				B6CCE82021DEB55B00A81DC1 /* Base */,
			);
			name = LaunchScreen.storyboard;
			sourceTree = "<group>";
		};
/* End PBXVariantGroup section */

/* Begin XCBuildConfiguration section */
		B6CCE83921DEB55B00A81DC1 /* Debug */ = {
			isa = XCBuildConfiguration;
			buildSettings = {
				ALWAYS_SEARCH_USER_PATHS = NO;
				CLANG_ANALYZER_NONNULL = YES;
				CLANG_ANALYZER_NUMBER_OBJECT_CONVERSION = YES_AGGRESSIVE;
				CLANG_CXX_LANGUAGE_STANDARD = "gnu++14";
				CLANG_CXX_LIBRARY = "libc++";
				CLANG_ENABLE_MODULES = YES;
				CLANG_ENABLE_OBJC_ARC = YES;
				CLANG_ENABLE_OBJC_WEAK = YES;
				CLANG_WARN_BLOCK_CAPTURE_AUTORELEASING = YES;
				CLANG_WARN_BOOL_CONVERSION = YES;
				CLANG_WARN_COMMA = YES;
				CLANG_WARN_CONSTANT_CONVERSION = YES;
				CLANG_WARN_DEPRECATED_OBJC_IMPLEMENTATIONS = YES;
				CLANG_WARN_DIRECT_OBJC_ISA_USAGE = YES_ERROR;
				CLANG_WARN_DOCUMENTATION_COMMENTS = YES;
				CLANG_WARN_EMPTY_BODY = YES;
				CLANG_WARN_ENUM_CONVERSION = YES;
				CLANG_WARN_INFINITE_RECURSION = YES;
				CLANG_WARN_INT_CONVERSION = YES;
				CLANG_WARN_NON_LITERAL_NULL_CONVERSION = YES;
				CLANG_WARN_OBJC_IMPLICIT_RETAIN_SELF = YES;
				CLANG_WARN_OBJC_LITERAL_CONVERSION = YES;
				CLANG_WARN_OBJC_ROOT_CLASS = YES_ERROR;
				CLANG_WARN_RANGE_LOOP_ANALYSIS = YES;
				CLANG_WARN_STRICT_PROTOTYPES = YES;
				CLANG_WARN_SUSPICIOUS_MOVE = YES;
				CLANG_WARN_UNGUARDED_AVAILABILITY = YES_AGGRESSIVE;
				CLANG_WARN_UNREACHABLE_CODE = YES;
				CLANG_WARN__DUPLICATE_METHOD_MATCH = YES;
				CODE_SIGN_IDENTITY = "iPhone Developer";
				COPY_PHASE_STRIP = NO;
				DEBUG_INFORMATION_FORMAT = dwarf;
				ENABLE_STRICT_OBJC_MSGSEND = YES;
				ENABLE_TESTABILITY = YES;
				GCC_C_LANGUAGE_STANDARD = gnu11;
				GCC_DYNAMIC_NO_PIC = NO;
				GCC_NO_COMMON_BLOCKS = YES;
				GCC_OPTIMIZATION_LEVEL = 0;
				GCC_PREPROCESSOR_DEFINITIONS = (
					"DEBUG=1",
					"$(inherited)",
				);
				GCC_WARN_64_TO_32_BIT_CONVERSION = YES;
				GCC_WARN_ABOUT_RETURN_TYPE = YES_ERROR;
				GCC_WARN_UNDECLARED_SELECTOR = YES;
				GCC_WARN_UNINITIALIZED_AUTOS = YES_AGGRESSIVE;
				GCC_WARN_UNUSED_FUNCTION = YES;
				GCC_WARN_UNUSED_VARIABLE = YES;
				IPHONEOS_DEPLOYMENT_TARGET = 12.1;
				MTL_ENABLE_DEBUG_INFO = INCLUDE_SOURCE;
				MTL_FAST_MATH = YES;
				ONLY_ACTIVE_ARCH = YES;
				SDKROOT = iphoneos;
				SWIFT_ACTIVE_COMPILATION_CONDITIONS = DEBUG;
				SWIFT_OPTIMIZATION_LEVEL = "-Onone";
			};
			name = Debug;
		};
		B6CCE83A21DEB55B00A81DC1 /* Release */ = {
			isa = XCBuildConfiguration;
			buildSettings = {
				ALWAYS_SEARCH_USER_PATHS = NO;
				CLANG_ANALYZER_NONNULL = YES;
				CLANG_ANALYZER_NUMBER_OBJECT_CONVERSION = YES_AGGRESSIVE;
				CLANG_CXX_LANGUAGE_STANDARD = "gnu++14";
				CLANG_CXX_LIBRARY = "libc++";
				CLANG_ENABLE_MODULES = YES;
				CLANG_ENABLE_OBJC_ARC = YES;
				CLANG_ENABLE_OBJC_WEAK = YES;
				CLANG_WARN_BLOCK_CAPTURE_AUTORELEASING = YES;
				CLANG_WARN_BOOL_CONVERSION = YES;
				CLANG_WARN_COMMA = YES;
				CLANG_WARN_CONSTANT_CONVERSION = YES;
				CLANG_WARN_DEPRECATED_OBJC_IMPLEMENTATIONS = YES;
				CLANG_WARN_DIRECT_OBJC_ISA_USAGE = YES_ERROR;
				CLANG_WARN_DOCUMENTATION_COMMENTS = YES;
				CLANG_WARN_EMPTY_BODY = YES;
				CLANG_WARN_ENUM_CONVERSION = YES;
				CLANG_WARN_INFINITE_RECURSION = YES;
				CLANG_WARN_INT_CONVERSION = YES;
				CLANG_WARN_NON_LITERAL_NULL_CONVERSION = YES;
				CLANG_WARN_OBJC_IMPLICIT_RETAIN_SELF = YES;
				CLANG_WARN_OBJC_LITERAL_CONVERSION = YES;
				CLANG_WARN_OBJC_ROOT_CLASS = YES_ERROR;
				CLANG_WARN_RANGE_LOOP_ANALYSIS = YES;
				CLANG_WARN_STRICT_PROTOTYPES = YES;
				CLANG_WARN_SUSPICIOUS_MOVE = YES;
				CLANG_WARN_UNGUARDED_AVAILABILITY = YES_AGGRESSIVE;
				CLANG_WARN_UNREACHABLE_CODE = YES;
				CLANG_WARN__DUPLICATE_METHOD_MATCH = YES;
				CODE_SIGN_IDENTITY = "iPhone Developer";
				COPY_PHASE_STRIP = NO;
				DEBUG_INFORMATION_FORMAT = "dwarf-with-dsym";
				ENABLE_NS_ASSERTIONS = NO;
				ENABLE_STRICT_OBJC_MSGSEND = YES;
				GCC_C_LANGUAGE_STANDARD = gnu11;
				GCC_NO_COMMON_BLOCKS = YES;
				GCC_WARN_64_TO_32_BIT_CONVERSION = YES;
				GCC_WARN_ABOUT_RETURN_TYPE = YES_ERROR;
				GCC_WARN_UNDECLARED_SELECTOR = YES;
				GCC_WARN_UNINITIALIZED_AUTOS = YES_AGGRESSIVE;
				GCC_WARN_UNUSED_FUNCTION = YES;
				GCC_WARN_UNUSED_VARIABLE = YES;
				IPHONEOS_DEPLOYMENT_TARGET = 12.1;
				MTL_ENABLE_DEBUG_INFO = NO;
				MTL_FAST_MATH = YES;
				SDKROOT = iphoneos;
				SWIFT_COMPILATION_MODE = wholemodule;
				SWIFT_OPTIMIZATION_LEVEL = "-O";
				VALIDATE_PRODUCT = YES;
			};
			name = Release;
		};
		B6CCE83C21DEB55B00A81DC1 /* Debug */ = {
			isa = XCBuildConfiguration;
			buildSettings = {
				ASSETCATALOG_COMPILER_APPICON_NAME = AppIcon;
				CODE_SIGN_STYLE = Automatic;
				DEVELOPMENT_TEAM = LYLAHT6W2B;
				INFOPLIST_FILE = "Egg Timer/Info.plist";
				LD_RUNPATH_SEARCH_PATHS = (
					"$(inherited)",
					"@executable_path/Frameworks",
				);
				PRODUCT_BUNDLE_IDENTIFIER = "com.quentinpousseur.Egg-Timer";
				PRODUCT_NAME = "$(TARGET_NAME)";
				SWIFT_VERSION = 4.2;
				TARGETED_DEVICE_FAMILY = "1,2";
			};
			name = Debug;
		};
		B6CCE83D21DEB55B00A81DC1 /* Release */ = {
			isa = XCBuildConfiguration;
			buildSettings = {
				ASSETCATALOG_COMPILER_APPICON_NAME = AppIcon;
				CODE_SIGN_STYLE = Automatic;
				DEVELOPMENT_TEAM = LYLAHT6W2B;
				INFOPLIST_FILE = "Egg Timer/Info.plist";
				LD_RUNPATH_SEARCH_PATHS = (
					"$(inherited)",
					"@executable_path/Frameworks",
				);
				PRODUCT_BUNDLE_IDENTIFIER = "com.quentinpousseur.Egg-Timer";
				PRODUCT_NAME = "$(TARGET_NAME)";
				SWIFT_VERSION = 4.2;
				TARGETED_DEVICE_FAMILY = "1,2";
			};
			name = Release;
		};
		B6CCE83F21DEB55B00A81DC1 /* Debug */ = {
			isa = XCBuildConfiguration;
			buildSettings = {
				ALWAYS_EMBED_SWIFT_STANDARD_LIBRARIES = YES;
				BUNDLE_LOADER = "$(TEST_HOST)";
				CODE_SIGN_STYLE = Automatic;
				DEVELOPMENT_TEAM = LYLAHT6W2B;
				INFOPLIST_FILE = "Egg TimerTests/Info.plist";
				LD_RUNPATH_SEARCH_PATHS = (
					"$(inherited)",
					"@executable_path/Frameworks",
					"@loader_path/Frameworks",
				);
				PRODUCT_BUNDLE_IDENTIFIER = "com.quentinpousseur.Egg-TimerTests";
				PRODUCT_NAME = "$(TARGET_NAME)";
				SWIFT_VERSION = 4.2;
				TARGETED_DEVICE_FAMILY = "1,2";
				TEST_HOST = "$(BUILT_PRODUCTS_DIR)/Egg Timer.app/Egg Timer";
			};
			name = Debug;
		};
		B6CCE84021DEB55B00A81DC1 /* Release */ = {
			isa = XCBuildConfiguration;
			buildSettings = {
				ALWAYS_EMBED_SWIFT_STANDARD_LIBRARIES = YES;
				BUNDLE_LOADER = "$(TEST_HOST)";
				CODE_SIGN_STYLE = Automatic;
				DEVELOPMENT_TEAM = LYLAHT6W2B;
				INFOPLIST_FILE = "Egg TimerTests/Info.plist";
				LD_RUNPATH_SEARCH_PATHS = (
					"$(inherited)",
					"@executable_path/Frameworks",
					"@loader_path/Frameworks",
				);
				PRODUCT_BUNDLE_IDENTIFIER = "com.quentinpousseur.Egg-TimerTests";
				PRODUCT_NAME = "$(TARGET_NAME)";
				SWIFT_VERSION = 4.2;
				TARGETED_DEVICE_FAMILY = "1,2";
				TEST_HOST = "$(BUILT_PRODUCTS_DIR)/Egg Timer.app/Egg Timer";
			};
			name = Release;
		};
		B6CCE84221DEB55B00A81DC1 /* Debug */ = {
			isa = XCBuildConfiguration;
			buildSettings = {
				ALWAYS_EMBED_SWIFT_STANDARD_LIBRARIES = YES;
				CODE_SIGN_STYLE = Automatic;
				DEVELOPMENT_TEAM = LYLAHT6W2B;
				INFOPLIST_FILE = "Egg TimerUITests/Info.plist";
				LD_RUNPATH_SEARCH_PATHS = (
					"$(inherited)",
					"@executable_path/Frameworks",
					"@loader_path/Frameworks",
				);
				PRODUCT_BUNDLE_IDENTIFIER = "com.quentinpousseur.Egg-TimerUITests";
				PRODUCT_NAME = "$(TARGET_NAME)";
				SWIFT_VERSION = 4.2;
				TARGETED_DEVICE_FAMILY = "1,2";
				TEST_TARGET_NAME = "Egg Timer";
			};
			name = Debug;
		};
		B6CCE84321DEB55B00A81DC1 /* Release */ = {
			isa = XCBuildConfiguration;
			buildSettings = {
				ALWAYS_EMBED_SWIFT_STANDARD_LIBRARIES = YES;
				CODE_SIGN_STYLE = Automatic;
				DEVELOPMENT_TEAM = LYLAHT6W2B;
				INFOPLIST_FILE = "Egg TimerUITests/Info.plist";
				LD_RUNPATH_SEARCH_PATHS = (
					"$(inherited)",
					"@executable_path/Frameworks",
					"@loader_path/Frameworks",
				);
				PRODUCT_BUNDLE_IDENTIFIER = "com.quentinpousseur.Egg-TimerUITests";
				PRODUCT_NAME = "$(TARGET_NAME)";
				SWIFT_VERSION = 4.2;
				TARGETED_DEVICE_FAMILY = "1,2";
				TEST_TARGET_NAME = "Egg Timer";
			};
			name = Release;
		};
/* End XCBuildConfiguration section */

/* Begin XCConfigurationList section */
		B6CCE80E21DEB55A00A81DC1 /* Build configuration list for PBXProject "Egg Timer" */ = {
			isa = XCConfigurationList;
			buildConfigurations = (
				B6CCE83921DEB55B00A81DC1 /* Debug */,
				B6CCE83A21DEB55B00A81DC1 /* Release */,
			);
			defaultConfigurationIsVisible = 0;
			defaultConfigurationName = Release;
		};
		B6CCE83B21DEB55B00A81DC1 /* Build configuration list for PBXNativeTarget "Egg Timer" */ = {
			isa = XCConfigurationList;
			buildConfigurations = (
				B6CCE83C21DEB55B00A81DC1 /* Debug */,
				B6CCE83D21DEB55B00A81DC1 /* Release */,
			);
			defaultConfigurationIsVisible = 0;
			defaultConfigurationName = Release;
		};
		B6CCE83E21DEB55B00A81DC1 /* Build configuration list for PBXNativeTarget "Egg TimerTests" */ = {
			isa = XCConfigurationList;
			buildConfigurations = (
				B6CCE83F21DEB55B00A81DC1 /* Debug */,
				B6CCE84021DEB55B00A81DC1 /* Release */,
			);
			defaultConfigurationIsVisible = 0;
			defaultConfigurationName = Release;
		};
		B6CCE84121DEB55B00A81DC1 /* Build configuration list for PBXNativeTarget "Egg TimerUITests" */ = {
			isa = XCConfigurationList;
			buildConfigurations = (
				B6CCE84221DEB55B00A81DC1 /* Debug */,
				B6CCE84321DEB55B00A81DC1 /* Release */,
			);
			defaultConfigurationIsVisible = 0;
			defaultConfigurationName = Release;
		};
/* End XCConfigurationList section */
	};
	rootObject = B6CCE80B21DEB55A00A81DC1 /* Project object */;
}
