// !$*UTF8*$!
{
	archiveVersion = 1;
	classes = {
	};
	objectVersion = 50;
	objects = {

/* Begin PBXBuildFile section */
		B6474FC721DFDD2E00DF6DE9 /* AppDelegate.swift in Sources */ = {isa = PBXBuildFile; fileRef = B6474FC621DFDD2E00DF6DE9 /* AppDelegate.swift */; };
		B6474FC921DFDD2E00DF6DE9 /* ViewController.swift in Sources */ = {isa = PBXBuildFile; fileRef = B6474FC821DFDD2E00DF6DE9 /* ViewController.swift */; };
		B6474FCC21DFDD2E00DF6DE9 /* Main.storyboard in Resources */ = {isa = PBXBuildFile; fileRef = B6474FCA21DFDD2E00DF6DE9 /* Main.storyboard */; };
		B6474FCE21DFDD2F00DF6DE9 /* Assets.xcassets in Resources */ = {isa = PBXBuildFile; fileRef = B6474FCD21DFDD2F00DF6DE9 /* Assets.xcassets */; };
		B6474FD121DFDD2F00DF6DE9 /* LaunchScreen.storyboard in Resources */ = {isa = PBXBuildFile; fileRef = B6474FCF21DFDD2F00DF6DE9 /* LaunchScreen.storyboard */; };
		B6474FDC21DFDD2F00DF6DE9 /* Finding_The_User_LocationTests.swift in Sources */ = {isa = PBXBuildFile; fileRef = B6474FDB21DFDD2F00DF6DE9 /* Finding_The_User_LocationTests.swift */; };
		B6474FE721DFDD2F00DF6DE9 /* Finding_The_User_LocationUITests.swift in Sources */ = {isa = PBXBuildFile; fileRef = B6474FE621DFDD2F00DF6DE9 /* Finding_The_User_LocationUITests.swift */; };
		B6474FF721DFDE0400DF6DE9 /* CoreLocation.framework in Frameworks */ = {isa = PBXBuildFile; fileRef = B6474FF621DFDE0400DF6DE9 /* CoreLocation.framework */; };
/* End PBXBuildFile section */

/* Begin PBXContainerItemProxy section */
		B6474FD821DFDD2F00DF6DE9 /* PBXContainerItemProxy */ = {
			isa = PBXContainerItemProxy;
			containerPortal = B6474FBB21DFDD2E00DF6DE9 /* Project object */;
			proxyType = 1;
			remoteGlobalIDString = B6474FC221DFDD2E00DF6DE9;
			remoteInfo = "Finding The User Location";
		};
		B6474FE321DFDD2F00DF6DE9 /* PBXContainerItemProxy */ = {
			isa = PBXContainerItemProxy;
			containerPortal = B6474FBB21DFDD2E00DF6DE9 /* Project object */;
			proxyType = 1;
			remoteGlobalIDString = B6474FC221DFDD2E00DF6DE9;
			remoteInfo = "Finding The User Location";
		};
/* End PBXContainerItemProxy section */

/* Begin PBXFileReference section */
		B6474FC321DFDD2E00DF6DE9 /* Finding The User Location.app */ = {isa = PBXFileReference; explicitFileType = wrapper.application; includeInIndex = 0; path = "Finding The User Location.app"; sourceTree = BUILT_PRODUCTS_DIR; };
		B6474FC621DFDD2E00DF6DE9 /* AppDelegate.swift */ = {isa = PBXFileReference; lastKnownFileType = sourcecode.swift; path = AppDelegate.swift; sourceTree = "<group>"; };
		B6474FC821DFDD2E00DF6DE9 /* ViewController.swift */ = {isa = PBXFileReference; lastKnownFileType = sourcecode.swift; path = ViewController.swift; sourceTree = "<group>"; };
		B6474FCB21DFDD2E00DF6DE9 /* Base */ = {isa = PBXFileReference; lastKnownFileType = file.storyboard; name = Base; path = Base.lproj/Main.storyboard; sourceTree = "<group>"; };
		B6474FCD21DFDD2F00DF6DE9 /* Assets.xcassets */ = {isa = PBXFileReference; lastKnownFileType = folder.assetcatalog; path = Assets.xcassets; sourceTree = "<group>"; };
		B6474FD021DFDD2F00DF6DE9 /* Base */ = {isa = PBXFileReference; lastKnownFileType = file.storyboard; name = Base; path = Base.lproj/LaunchScreen.storyboard; sourceTree = "<group>"; };
		B6474FD221DFDD2F00DF6DE9 /* Info.plist */ = {isa = PBXFileReference; lastKnownFileType = text.plist.xml; path = Info.plist; sourceTree = "<group>"; };
		B6474FD721DFDD2F00DF6DE9 /* Finding The User LocationTests.xctest */ = {isa = PBXFileReference; explicitFileType = wrapper.cfbundle; includeInIndex = 0; path = "Finding The User LocationTests.xctest"; sourceTree = BUILT_PRODUCTS_DIR; };
		B6474FDB21DFDD2F00DF6DE9 /* Finding_The_User_LocationTests.swift */ = {isa = PBXFileReference; lastKnownFileType = sourcecode.swift; path = Finding_The_User_LocationTests.swift; sourceTree = "<group>"; };
		B6474FDD21DFDD2F00DF6DE9 /* Info.plist */ = {isa = PBXFileReference; lastKnownFileType = text.plist.xml; path = Info.plist; sourceTree = "<group>"; };
		B6474FE221DFDD2F00DF6DE9 /* Finding The User LocationUITests.xctest */ = {isa = PBXFileReference; explicitFileType = wrapper.cfbundle; includeInIndex = 0; path = "Finding The User LocationUITests.xctest"; sourceTree = BUILT_PRODUCTS_DIR; };
		B6474FE621DFDD2F00DF6DE9 /* Finding_The_User_LocationUITests.swift */ = {isa = PBXFileReference; lastKnownFileType = sourcecode.swift; path = Finding_The_User_LocationUITests.swift; sourceTree = "<group>"; };
		B6474FE821DFDD2F00DF6DE9 /* Info.plist */ = {isa = PBXFileReference; lastKnownFileType = text.plist.xml; path = Info.plist; sourceTree = "<group>"; };
		B6474FF621DFDE0400DF6DE9 /* CoreLocation.framework */ = {isa = PBXFileReference; lastKnownFileType = wrapper.framework; name = CoreLocation.framework; path = System/Library/Frameworks/CoreLocation.framework; sourceTree = SDKROOT; };
/* End PBXFileReference section */

/* Begin PBXFrameworksBuildPhase section */
		B6474FC021DFDD2E00DF6DE9 /* Frameworks */ = {
			isa = PBXFrameworksBuildPhase;
			buildActionMask = 2147483647;
			files = (
				B6474FF721DFDE0400DF6DE9 /* CoreLocation.framework in Frameworks */,
			);
			runOnlyForDeploymentPostprocessing = 0;
		};
		B6474FD421DFDD2F00DF6DE9 /* Frameworks */ = {
			isa = PBXFrameworksBuildPhase;
			buildActionMask = 2147483647;
			files = (
			);
			runOnlyForDeploymentPostprocessing = 0;
		};
		B6474FDF21DFDD2F00DF6DE9 /* Frameworks */ = {
			isa = PBXFrameworksBuildPhase;
			buildActionMask = 2147483647;
			files = (
			);
			runOnlyForDeploymentPostprocessing = 0;
		};
/* End PBXFrameworksBuildPhase section */

/* Begin PBXGroup section */
		B6474FBA21DFDD2E00DF6DE9 = {
			isa = PBXGroup;
			children = (
				B6474FC521DFDD2E00DF6DE9 /* Finding The User Location */,
				B6474FDA21DFDD2F00DF6DE9 /* Finding The User LocationTests */,
				B6474FE521DFDD2F00DF6DE9 /* Finding The User LocationUITests */,
				B6474FC421DFDD2E00DF6DE9 /* Products */,
				B6474FF521DFDE0400DF6DE9 /* Frameworks */,
			);
			sourceTree = "<group>";
		};
		B6474FC421DFDD2E00DF6DE9 /* Products */ = {
			isa = PBXGroup;
			children = (
				B6474FC321DFDD2E00DF6DE9 /* Finding The User Location.app */,
				B6474FD721DFDD2F00DF6DE9 /* Finding The User LocationTests.xctest */,
				B6474FE221DFDD2F00DF6DE9 /* Finding The User LocationUITests.xctest */,
			);
			name = Products;
			sourceTree = "<group>";
		};
		B6474FC521DFDD2E00DF6DE9 /* Finding The User Location */ = {
			isa = PBXGroup;
			children = (
				B6474FC621DFDD2E00DF6DE9 /* AppDelegate.swift */,
				B6474FC821DFDD2E00DF6DE9 /* ViewController.swift */,
				B6474FCA21DFDD2E00DF6DE9 /* Main.storyboard */,
				B6474FCD21DFDD2F00DF6DE9 /* Assets.xcassets */,
				B6474FCF21DFDD2F00DF6DE9 /* LaunchScreen.storyboard */,
				B6474FD221DFDD2F00DF6DE9 /* Info.plist */,
			);
			path = "Finding The User Location";
			sourceTree = "<group>";
		};
		B6474FDA21DFDD2F00DF6DE9 /* Finding The User LocationTests */ = {
			isa = PBXGroup;
			children = (
				B6474FDB21DFDD2F00DF6DE9 /* Finding_The_User_LocationTests.swift */,
				B6474FDD21DFDD2F00DF6DE9 /* Info.plist */,
			);
			path = "Finding The User LocationTests";
			sourceTree = "<group>";
		};
		B6474FE521DFDD2F00DF6DE9 /* Finding The User LocationUITests */ = {
			isa = PBXGroup;
			children = (
				B6474FE621DFDD2F00DF6DE9 /* Finding_The_User_LocationUITests.swift */,
				B6474FE821DFDD2F00DF6DE9 /* Info.plist */,
			);
			path = "Finding The User LocationUITests";
			sourceTree = "<group>";
		};
		B6474FF521DFDE0400DF6DE9 /* Frameworks */ = {
			isa = PBXGroup;
			children = (
				B6474FF621DFDE0400DF6DE9 /* CoreLocation.framework */,
			);
			name = Frameworks;
			sourceTree = "<group>";
		};
/* End PBXGroup section */

/* Begin PBXNativeTarget section */
		B6474FC221DFDD2E00DF6DE9 /* Finding The User Location */ = {
			isa = PBXNativeTarget;
			buildConfigurationList = B6474FEB21DFDD2F00DF6DE9 /* Build configuration list for PBXNativeTarget "Finding The User Location" */;
			buildPhases = (
				B6474FBF21DFDD2E00DF6DE9 /* Sources */,
				B6474FC021DFDD2E00DF6DE9 /* Frameworks */,
				B6474FC121DFDD2E00DF6DE9 /* Resources */,
			);
			buildRules = (
			);
			dependencies = (
			);
			name = "Finding The User Location";
			productName = "Finding The User Location";
			productReference = B6474FC321DFDD2E00DF6DE9 /* Finding The User Location.app */;
			productType = "com.apple.product-type.application";
		};
		B6474FD621DFDD2F00DF6DE9 /* Finding The User LocationTests */ = {
			isa = PBXNativeTarget;
			buildConfigurationList = B6474FEE21DFDD2F00DF6DE9 /* Build configuration list for PBXNativeTarget "Finding The User LocationTests" */;
			buildPhases = (
				B6474FD321DFDD2F00DF6DE9 /* Sources */,
				B6474FD421DFDD2F00DF6DE9 /* Frameworks */,
				B6474FD521DFDD2F00DF6DE9 /* Resources */,
			);
			buildRules = (
			);
			dependencies = (
				B6474FD921DFDD2F00DF6DE9 /* PBXTargetDependency */,
			);
			name = "Finding The User LocationTests";
			productName = "Finding The User LocationTests";
			productReference = B6474FD721DFDD2F00DF6DE9 /* Finding The User LocationTests.xctest */;
			productType = "com.apple.product-type.bundle.unit-test";
		};
		B6474FE121DFDD2F00DF6DE9 /* Finding The User LocationUITests */ = {
			isa = PBXNativeTarget;
			buildConfigurationList = B6474FF121DFDD2F00DF6DE9 /* Build configuration list for PBXNativeTarget "Finding The User LocationUITests" */;
			buildPhases = (
				B6474FDE21DFDD2F00DF6DE9 /* Sources */,
				B6474FDF21DFDD2F00DF6DE9 /* Frameworks */,
				B6474FE021DFDD2F00DF6DE9 /* Resources */,
			);
			buildRules = (
			);
			dependencies = (
				B6474FE421DFDD2F00DF6DE9 /* PBXTargetDependency */,
			);
			name = "Finding The User LocationUITests";
			productName = "Finding The User LocationUITests";
			productReference = B6474FE221DFDD2F00DF6DE9 /* Finding The User LocationUITests.xctest */;
			productType = "com.apple.product-type.bundle.ui-testing";
		};
/* End PBXNativeTarget section */

/* Begin PBXProject section */
		B6474FBB21DFDD2E00DF6DE9 /* Project object */ = {
			isa = PBXProject;
			attributes = {
				LastSwiftUpdateCheck = 1010;
				LastUpgradeCheck = 1010;
				ORGANIZATIONNAME = "Quentin Pousseur";
				TargetAttributes = {
					B6474FC221DFDD2E00DF6DE9 = {
						CreatedOnToolsVersion = 10.1;
					};
					B6474FD621DFDD2F00DF6DE9 = {
						CreatedOnToolsVersion = 10.1;
						TestTargetID = B6474FC221DFDD2E00DF6DE9;
					};
					B6474FE121DFDD2F00DF6DE9 = {
						CreatedOnToolsVersion = 10.1;
						TestTargetID = B6474FC221DFDD2E00DF6DE9;
					};
				};
			};
			buildConfigurationList = B6474FBE21DFDD2E00DF6DE9 /* Build configuration list for PBXProject "Finding The User Location" */;
			compatibilityVersion = "Xcode 9.3";
			developmentRegion = en;
			hasScannedForEncodings = 0;
			knownRegions = (
				en,
				Base,
			);
			mainGroup = B6474FBA21DFDD2E00DF6DE9;
			productRefGroup = B6474FC421DFDD2E00DF6DE9 /* Products */;
			projectDirPath = "";
			projectRoot = "";
			targets = (
				B6474FC221DFDD2E00DF6DE9 /* Finding The User Location */,
				B6474FD621DFDD2F00DF6DE9 /* Finding The User LocationTests */,
				B6474FE121DFDD2F00DF6DE9 /* Finding The User LocationUITests */,
			);
		};
/* End PBXProject section */

/* Begin PBXResourcesBuildPhase section */
		B6474FC121DFDD2E00DF6DE9 /* Resources */ = {
			isa = PBXResourcesBuildPhase;
			buildActionMask = 2147483647;
			files = (
				B6474FD121DFDD2F00DF6DE9 /* LaunchScreen.storyboard in Resources */,
				B6474FCE21DFDD2F00DF6DE9 /* Assets.xcassets in Resources */,
				B6474FCC21DFDD2E00DF6DE9 /* Main.storyboard in Resources */,
			);
			runOnlyForDeploymentPostprocessing = 0;
		};
		B6474FD521DFDD2F00DF6DE9 /* Resources */ = {
			isa = PBXResourcesBuildPhase;
			buildActionMask = 2147483647;
			files = (
			);
			runOnlyForDeploymentPostprocessing = 0;
		};
		B6474FE021DFDD2F00DF6DE9 /* Resources */ = {
			isa = PBXResourcesBuildPhase;
			buildActionMask = 2147483647;
			files = (
			);
			runOnlyForDeploymentPostprocessing = 0;
		};
/* End PBXResourcesBuildPhase section */

/* Begin PBXSourcesBuildPhase section */
		B6474FBF21DFDD2E00DF6DE9 /* Sources */ = {
			isa = PBXSourcesBuildPhase;
			buildActionMask = 2147483647;
			files = (
				B6474FC921DFDD2E00DF6DE9 /* ViewController.swift in Sources */,
				B6474FC721DFDD2E00DF6DE9 /* AppDelegate.swift in Sources */,
			);
			runOnlyForDeploymentPostprocessing = 0;
		};
		B6474FD321DFDD2F00DF6DE9 /* Sources */ = {
			isa = PBXSourcesBuildPhase;
			buildActionMask = 2147483647;
			files = (
				B6474FDC21DFDD2F00DF6DE9 /* Finding_The_User_LocationTests.swift in Sources */,
			);
			runOnlyForDeploymentPostprocessing = 0;
		};
		B6474FDE21DFDD2F00DF6DE9 /* Sources */ = {
			isa = PBXSourcesBuildPhase;
			buildActionMask = 2147483647;
			files = (
				B6474FE721DFDD2F00DF6DE9 /* Finding_The_User_LocationUITests.swift in Sources */,
			);
			runOnlyForDeploymentPostprocessing = 0;
		};
/* End PBXSourcesBuildPhase section */

/* Begin PBXTargetDependency section */
		B6474FD921DFDD2F00DF6DE9 /* PBXTargetDependency */ = {
			isa = PBXTargetDependency;
			target = B6474FC221DFDD2E00DF6DE9 /* Finding The User Location */;
			targetProxy = B6474FD821DFDD2F00DF6DE9 /* PBXContainerItemProxy */;
		};
		B6474FE421DFDD2F00DF6DE9 /* PBXTargetDependency */ = {
			isa = PBXTargetDependency;
			target = B6474FC221DFDD2E00DF6DE9 /* Finding The User Location */;
			targetProxy = B6474FE321DFDD2F00DF6DE9 /* PBXContainerItemProxy */;
		};
/* End PBXTargetDependency section */

/* Begin PBXVariantGroup section */
		B6474FCA21DFDD2E00DF6DE9 /* Main.storyboard */ = {
			isa = PBXVariantGroup;
			children = (
				B6474FCB21DFDD2E00DF6DE9 /* Base */,
			);
			name = Main.storyboard;
			sourceTree = "<group>";
		};
		B6474FCF21DFDD2F00DF6DE9 /* LaunchScreen.storyboard */ = {
			isa = PBXVariantGroup;
			children = (
				B6474FD021DFDD2F00DF6DE9 /* Base */,
			);
			name = LaunchScreen.storyboard;
			sourceTree = "<group>";
		};
/* End PBXVariantGroup section */

/* Begin XCBuildConfiguration section */
		B6474FE921DFDD2F00DF6DE9 /* Debug */ = {
			isa = XCBuildConfiguration;
			buildSettings = {
				ALWAYS_SEARCH_USER_PATHS = NO;
				CLANG_ANALYZER_NONNULL = YES;
				CLANG_ANALYZER_NUMBER_OBJECT_CONVERSION = YES_AGGRESSIVE;
				CLANG_CXX_LANGUAGE_STANDARD = "gnu++14";
				CLANG_CXX_LIBRARY = "libc++";
				CLANG_ENABLE_MODULES = YES;
				CLANG_ENABLE_OBJC_ARC = YES;
				CLANG_ENABLE_OBJC_WEAK = YES;
				CLANG_WARN_BLOCK_CAPTURE_AUTORELEASING = YES;
				CLANG_WARN_BOOL_CONVERSION = YES;
				CLANG_WARN_COMMA = YES;
				CLANG_WARN_CONSTANT_CONVERSION = YES;
				CLANG_WARN_DEPRECATED_OBJC_IMPLEMENTATIONS = YES;
				CLANG_WARN_DIRECT_OBJC_ISA_USAGE = YES_ERROR;
				CLANG_WARN_DOCUMENTATION_COMMENTS = YES;
				CLANG_WARN_EMPTY_BODY = YES;
				CLANG_WARN_ENUM_CONVERSION = YES;
				CLANG_WARN_INFINITE_RECURSION = YES;
				CLANG_WARN_INT_CONVERSION = YES;
				CLANG_WARN_NON_LITERAL_NULL_CONVERSION = YES;
				CLANG_WARN_OBJC_IMPLICIT_RETAIN_SELF = YES;
				CLANG_WARN_OBJC_LITERAL_CONVERSION = YES;
				CLANG_WARN_OBJC_ROOT_CLASS = YES_ERROR;
				CLANG_WARN_RANGE_LOOP_ANALYSIS = YES;
				CLANG_WARN_STRICT_PROTOTYPES = YES;
				CLANG_WARN_SUSPICIOUS_MOVE = YES;
				CLANG_WARN_UNGUARDED_AVAILABILITY = YES_AGGRESSIVE;
				CLANG_WARN_UNREACHABLE_CODE = YES;
				CLANG_WARN__DUPLICATE_METHOD_MATCH = YES;
				CODE_SIGN_IDENTITY = "iPhone Developer";
				COPY_PHASE_STRIP = NO;
				DEBUG_INFORMATION_FORMAT = dwarf;
				ENABLE_STRICT_OBJC_MSGSEND = YES;
				ENABLE_TESTABILITY = YES;
				GCC_C_LANGUAGE_STANDARD = gnu11;
				GCC_DYNAMIC_NO_PIC = NO;
				GCC_NO_COMMON_BLOCKS = YES;
				GCC_OPTIMIZATION_LEVEL = 0;
				GCC_PREPROCESSOR_DEFINITIONS = (
					"DEBUG=1",
					"$(inherited)",
				);
				GCC_WARN_64_TO_32_BIT_CONVERSION = YES;
				GCC_WARN_ABOUT_RETURN_TYPE = YES_ERROR;
				GCC_WARN_UNDECLARED_SELECTOR = YES;
				GCC_WARN_UNINITIALIZED_AUTOS = YES_AGGRESSIVE;
				GCC_WARN_UNUSED_FUNCTION = YES;
				GCC_WARN_UNUSED_VARIABLE = YES;
				IPHONEOS_DEPLOYMENT_TARGET = 12.1;
				MTL_ENABLE_DEBUG_INFO = INCLUDE_SOURCE;
				MTL_FAST_MATH = YES;
				ONLY_ACTIVE_ARCH = YES;
				SDKROOT = iphoneos;
				SWIFT_ACTIVE_COMPILATION_CONDITIONS = DEBUG;
				SWIFT_OPTIMIZATION_LEVEL = "-Onone";
			};
			name = Debug;
		};
		B6474FEA21DFDD2F00DF6DE9 /* Release */ = {
			isa = XCBuildConfiguration;
			buildSettings = {
				ALWAYS_SEARCH_USER_PATHS = NO;
				CLANG_ANALYZER_NONNULL = YES;
				CLANG_ANALYZER_NUMBER_OBJECT_CONVERSION = YES_AGGRESSIVE;
				CLANG_CXX_LANGUAGE_STANDARD = "gnu++14";
				CLANG_CXX_LIBRARY = "libc++";
				CLANG_ENABLE_MODULES = YES;
				CLANG_ENABLE_OBJC_ARC = YES;
				CLANG_ENABLE_OBJC_WEAK = YES;
				CLANG_WARN_BLOCK_CAPTURE_AUTORELEASING = YES;
				CLANG_WARN_BOOL_CONVERSION = YES;
				CLANG_WARN_COMMA = YES;
				CLANG_WARN_CONSTANT_CONVERSION = YES;
				CLANG_WARN_DEPRECATED_OBJC_IMPLEMENTATIONS = YES;
				CLANG_WARN_DIRECT_OBJC_ISA_USAGE = YES_ERROR;
				CLANG_WARN_DOCUMENTATION_COMMENTS = YES;
				CLANG_WARN_EMPTY_BODY = YES;
				CLANG_WARN_ENUM_CONVERSION = YES;
				CLANG_WARN_INFINITE_RECURSION = YES;
				CLANG_WARN_INT_CONVERSION = YES;
				CLANG_WARN_NON_LITERAL_NULL_CONVERSION = YES;
				CLANG_WARN_OBJC_IMPLICIT_RETAIN_SELF = YES;
				CLANG_WARN_OBJC_LITERAL_CONVERSION = YES;
				CLANG_WARN_OBJC_ROOT_CLASS = YES_ERROR;
				CLANG_WARN_RANGE_LOOP_ANALYSIS = YES;
				CLANG_WARN_STRICT_PROTOTYPES = YES;
				CLANG_WARN_SUSPICIOUS_MOVE = YES;
				CLANG_WARN_UNGUARDED_AVAILABILITY = YES_AGGRESSIVE;
				CLANG_WARN_UNREACHABLE_CODE = YES;
				CLANG_WARN__DUPLICATE_METHOD_MATCH = YES;
				CODE_SIGN_IDENTITY = "iPhone Developer";
				COPY_PHASE_STRIP = NO;
				DEBUG_INFORMATION_FORMAT = "dwarf-with-dsym";
				ENABLE_NS_ASSERTIONS = NO;
				ENABLE_STRICT_OBJC_MSGSEND = YES;
				GCC_C_LANGUAGE_STANDARD = gnu11;
				GCC_NO_COMMON_BLOCKS = YES;
				GCC_WARN_64_TO_32_BIT_CONVERSION = YES;
				GCC_WARN_ABOUT_RETURN_TYPE = YES_ERROR;
				GCC_WARN_UNDECLARED_SELECTOR = YES;
				GCC_WARN_UNINITIALIZED_AUTOS = YES_AGGRESSIVE;
				GCC_WARN_UNUSED_FUNCTION = YES;
				GCC_WARN_UNUSED_VARIABLE = YES;
				IPHONEOS_DEPLOYMENT_TARGET = 12.1;
				MTL_ENABLE_DEBUG_INFO = NO;
				MTL_FAST_MATH = YES;
				SDKROOT = iphoneos;
				SWIFT_COMPILATION_MODE = wholemodule;
				SWIFT_OPTIMIZATION_LEVEL = "-O";
				VALIDATE_PRODUCT = YES;
			};
			name = Release;
		};
		B6474FEC21DFDD2F00DF6DE9 /* Debug */ = {
			isa = XCBuildConfiguration;
			buildSettings = {
				ASSETCATALOG_COMPILER_APPICON_NAME = AppIcon;
				CODE_SIGN_STYLE = Automatic;
				DEVELOPMENT_TEAM = LYLAHT6W2B;
				INFOPLIST_FILE = "Finding The User Location/Info.plist";
				LD_RUNPATH_SEARCH_PATHS = (
					"$(inherited)",
					"@executable_path/Frameworks",
				);
				PRODUCT_BUNDLE_IDENTIFIER = "com.quentinpousseur.Finding-The-User-Location";
				PRODUCT_NAME = "$(TARGET_NAME)";
				SWIFT_VERSION = 4.2;
				TARGETED_DEVICE_FAMILY = "1,2";
			};
			name = Debug;
		};
		B6474FED21DFDD2F00DF6DE9 /* Release */ = {
			isa = XCBuildConfiguration;
			buildSettings = {
				ASSETCATALOG_COMPILER_APPICON_NAME = AppIcon;
				CODE_SIGN_STYLE = Automatic;
				DEVELOPMENT_TEAM = LYLAHT6W2B;
				INFOPLIST_FILE = "Finding The User Location/Info.plist";
				LD_RUNPATH_SEARCH_PATHS = (
					"$(inherited)",
					"@executable_path/Frameworks",
				);
				PRODUCT_BUNDLE_IDENTIFIER = "com.quentinpousseur.Finding-The-User-Location";
				PRODUCT_NAME = "$(TARGET_NAME)";
				SWIFT_VERSION = 4.2;
				TARGETED_DEVICE_FAMILY = "1,2";
			};
			name = Release;
		};
		B6474FEF21DFDD2F00DF6DE9 /* Debug */ = {
			isa = XCBuildConfiguration;
			buildSettings = {
				ALWAYS_EMBED_SWIFT_STANDARD_LIBRARIES = YES;
				BUNDLE_LOADER = "$(TEST_HOST)";
				CODE_SIGN_STYLE = Automatic;
				DEVELOPMENT_TEAM = LYLAHT6W2B;
				INFOPLIST_FILE = "Finding The User LocationTests/Info.plist";
				LD_RUNPATH_SEARCH_PATHS = (
					"$(inherited)",
					"@executable_path/Frameworks",
					"@loader_path/Frameworks",
				);
				PRODUCT_BUNDLE_IDENTIFIER = "com.quentinpousseur.Finding-The-User-LocationTests";
				PRODUCT_NAME = "$(TARGET_NAME)";
				SWIFT_VERSION = 4.2;
				TARGETED_DEVICE_FAMILY = "1,2";
				TEST_HOST = "$(BUILT_PRODUCTS_DIR)/Finding The User Location.app/Finding The User Location";
			};
			name = Debug;
		};
		B6474FF021DFDD2F00DF6DE9 /* Release */ = {
			isa = XCBuildConfiguration;
			buildSettings = {
				ALWAYS_EMBED_SWIFT_STANDARD_LIBRARIES = YES;
				BUNDLE_LOADER = "$(TEST_HOST)";
				CODE_SIGN_STYLE = Automatic;
				DEVELOPMENT_TEAM = LYLAHT6W2B;
				INFOPLIST_FILE = "Finding The User LocationTests/Info.plist";
				LD_RUNPATH_SEARCH_PATHS = (
					"$(inherited)",
					"@executable_path/Frameworks",
					"@loader_path/Frameworks",
				);
				PRODUCT_BUNDLE_IDENTIFIER = "com.quentinpousseur.Finding-The-User-LocationTests";
				PRODUCT_NAME = "$(TARGET_NAME)";
				SWIFT_VERSION = 4.2;
				TARGETED_DEVICE_FAMILY = "1,2";
				TEST_HOST = "$(BUILT_PRODUCTS_DIR)/Finding The User Location.app/Finding The User Location";
			};
			name = Release;
		};
		B6474FF221DFDD2F00DF6DE9 /* Debug */ = {
			isa = XCBuildConfiguration;
			buildSettings = {
				ALWAYS_EMBED_SWIFT_STANDARD_LIBRARIES = YES;
				CODE_SIGN_STYLE = Automatic;
				DEVELOPMENT_TEAM = LYLAHT6W2B;
				INFOPLIST_FILE = "Finding The User LocationUITests/Info.plist";
				LD_RUNPATH_SEARCH_PATHS = (
					"$(inherited)",
					"@executable_path/Frameworks",
					"@loader_path/Frameworks",
				);
				PRODUCT_BUNDLE_IDENTIFIER = "com.quentinpousseur.Finding-The-User-LocationUITests";
				PRODUCT_NAME = "$(TARGET_NAME)";
				SWIFT_VERSION = 4.2;
				TARGETED_DEVICE_FAMILY = "1,2";
				TEST_TARGET_NAME = "Finding The User Location";
			};
			name = Debug;
		};
		B6474FF321DFDD2F00DF6DE9 /* Release */ = {
			isa = XCBuildConfiguration;
			buildSettings = {
				ALWAYS_EMBED_SWIFT_STANDARD_LIBRARIES = YES;
				CODE_SIGN_STYLE = Automatic;
				DEVELOPMENT_TEAM = LYLAHT6W2B;
				INFOPLIST_FILE = "Finding The User LocationUITests/Info.plist";
				LD_RUNPATH_SEARCH_PATHS = (
					"$(inherited)",
					"@executable_path/Frameworks",
					"@loader_path/Frameworks",
				);
				PRODUCT_BUNDLE_IDENTIFIER = "com.quentinpousseur.Finding-The-User-LocationUITests";
				PRODUCT_NAME = "$(TARGET_NAME)";
				SWIFT_VERSION = 4.2;
				TARGETED_DEVICE_FAMILY = "1,2";
				TEST_TARGET_NAME = "Finding The User Location";
			};
			name = Release;
		};
/* End XCBuildConfiguration section */

/* Begin XCConfigurationList section */
		B6474FBE21DFDD2E00DF6DE9 /* Build configuration list for PBXProject "Finding The User Location" */ = {
			isa = XCConfigurationList;
			buildConfigurations = (
				B6474FE921DFDD2F00DF6DE9 /* Debug */,
				B6474FEA21DFDD2F00DF6DE9 /* Release */,
			);
			defaultConfigurationIsVisible = 0;
			defaultConfigurationName = Release;
		};
		B6474FEB21DFDD2F00DF6DE9 /* Build configuration list for PBXNativeTarget "Finding The User Location" */ = {
			isa = XCConfigurationList;
			buildConfigurations = (
				B6474FEC21DFDD2F00DF6DE9 /* Debug */,
				B6474FED21DFDD2F00DF6DE9 /* Release */,
			);
			defaultConfigurationIsVisible = 0;
			defaultConfigurationName = Release;
		};
		B6474FEE21DFDD2F00DF6DE9 /* Build configuration list for PBXNativeTarget "Finding The User LocationTests" */ = {
			isa = XCConfigurationList;
			buildConfigurations = (
				B6474FEF21DFDD2F00DF6DE9 /* Debug */,
				B6474FF021DFDD2F00DF6DE9 /* Release */,
			);
			defaultConfigurationIsVisible = 0;
			defaultConfigurationName = Release;
		};
		B6474FF121DFDD2F00DF6DE9 /* Build configuration list for PBXNativeTarget "Finding The User LocationUITests" */ = {
			isa = XCConfigurationList;
			buildConfigurations = (
				B6474FF221DFDD2F00DF6DE9 /* Debug */,
				B6474FF321DFDD2F00DF6DE9 /* Release */,
			);
			defaultConfigurationIsVisible = 0;
			defaultConfigurationName = Release;
		};
/* End XCConfigurationList section */
	};
	rootObject = B6474FBB21DFDD2E00DF6DE9 /* Project object */;
}
