// !$*UTF8*$!
{
	archiveVersion = 1;
	classes = {
	};
	objectVersion = 50;
	objects = {

/* Begin PBXBuildFile section */
		B62ABC9A21DE3D6D00F61537 /* Hedgehog.jpg in Resources */ = {isa = PBXBuildFile; fileRef = B62ABC9921DE3D6D00F61537 /* Hedgehog.jpg */; };
		B6AFFAED21DD3CB400149F85 /* AppDelegate.swift in Sources */ = {isa = PBXBuildFile; fileRef = B6AFFAEC21DD3CB400149F85 /* AppDelegate.swift */; };
		B6AFFAEF21DD3CB400149F85 /* ViewController.swift in Sources */ = {isa = PBXBuildFile; fileRef = B6AFFAEE21DD3CB400149F85 /* ViewController.swift */; };
		B6AFFAF221DD3CB400149F85 /* Main.storyboard in Resources */ = {isa = PBXBuildFile; fileRef = B6AFFAF021DD3CB400149F85 /* Main.storyboard */; };
		B6AFFAF421DD3CB500149F85 /* Assets.xcassets in Resources */ = {isa = PBXBuildFile; fileRef = B6AFFAF321DD3CB500149F85 /* Assets.xcassets */; };
		B6AFFAF721DD3CB500149F85 /* LaunchScreen.storyboard in Resources */ = {isa = PBXBuildFile; fileRef = B6AFFAF521DD3CB500149F85 /* LaunchScreen.storyboard */; };
		B6AFFB0221DD3CB600149F85 /* My_First_AppTests.swift in Sources */ = {isa = PBXBuildFile; fileRef = B6AFFB0121DD3CB600149F85 /* My_First_AppTests.swift */; };
		B6AFFB0D21DD3CB600149F85 /* My_First_AppUITests.swift in Sources */ = {isa = PBXBuildFile; fileRef = B6AFFB0C21DD3CB600149F85 /* My_First_AppUITests.swift */; };
/* End PBXBuildFile section */

/* Begin PBXContainerItemProxy section */
		B6AFFAFE21DD3CB600149F85 /* PBXContainerItemProxy */ = {
			isa = PBXContainerItemProxy;
			containerPortal = B6AFFAE121DD3CB400149F85 /* Project object */;
			proxyType = 1;
			remoteGlobalIDString = B6AFFAE821DD3CB400149F85;
			remoteInfo = "My First App";
		};
		B6AFFB0921DD3CB600149F85 /* PBXContainerItemProxy */ = {
			isa = PBXContainerItemProxy;
			containerPortal = B6AFFAE121DD3CB400149F85 /* Project object */;
			proxyType = 1;
			remoteGlobalIDString = B6AFFAE821DD3CB400149F85;
			remoteInfo = "My First App";
		};
/* End PBXContainerItemProxy section */

/* Begin PBXFileReference section */
		B62ABC9921DE3D6D00F61537 /* Hedgehog.jpg */ = {isa = PBXFileReference; lastKnownFileType = image.jpeg; name = Hedgehog.jpg; path = ../../Hedgehog.jpg; sourceTree = "<group>"; };
		B6AFFAE921DD3CB400149F85 /* My First App.app */ = {isa = PBXFileReference; explicitFileType = wrapper.application; includeInIndex = 0; path = "My First App.app"; sourceTree = BUILT_PRODUCTS_DIR; };
		B6AFFAEC21DD3CB400149F85 /* AppDelegate.swift */ = {isa = PBXFileReference; lastKnownFileType = sourcecode.swift; path = AppDelegate.swift; sourceTree = "<group>"; };
		B6AFFAEE21DD3CB400149F85 /* ViewController.swift */ = {isa = PBXFileReference; lastKnownFileType = sourcecode.swift; path = ViewController.swift; sourceTree = "<group>"; };
		B6AFFAF121DD3CB400149F85 /* Base */ = {isa = PBXFileReference; lastKnownFileType = file.storyboard; name = Base; path = Base.lproj/Main.storyboard; sourceTree = "<group>"; };
		B6AFFAF321DD3CB500149F85 /* Assets.xcassets */ = {isa = PBXFileReference; lastKnownFileType = folder.assetcatalog; path = Assets.xcassets; sourceTree = "<group>"; };
		B6AFFAF621DD3CB500149F85 /* Base */ = {isa = PBXFileReference; lastKnownFileType = file.storyboard; name = Base; path = Base.lproj/LaunchScreen.storyboard; sourceTree = "<group>"; };
		B6AFFAF821DD3CB500149F85 /* Info.plist */ = {isa = PBXFileReference; lastKnownFileType = text.plist.xml; path = Info.plist; sourceTree = "<group>"; };
		B6AFFAFD21DD3CB600149F85 /* My First AppTests.xctest */ = {isa = PBXFileReference; explicitFileType = wrapper.cfbundle; includeInIndex = 0; path = "My First AppTests.xctest"; sourceTree = BUILT_PRODUCTS_DIR; };
		B6AFFB0121DD3CB600149F85 /* My_First_AppTests.swift */ = {isa = PBXFileReference; lastKnownFileType = sourcecode.swift; path = My_First_AppTests.swift; sourceTree = "<group>"; };
		B6AFFB0321DD3CB600149F85 /* Info.plist */ = {isa = PBXFileReference; lastKnownFileType = text.plist.xml; path = Info.plist; sourceTree = "<group>"; };
		B6AFFB0821DD3CB600149F85 /* My First AppUITests.xctest */ = {isa = PBXFileReference; explicitFileType = wrapper.cfbundle; includeInIndex = 0; path = "My First AppUITests.xctest"; sourceTree = BUILT_PRODUCTS_DIR; };
		B6AFFB0C21DD3CB600149F85 /* My_First_AppUITests.swift */ = {isa = PBXFileReference; lastKnownFileType = sourcecode.swift; path = My_First_AppUITests.swift; sourceTree = "<group>"; };
		B6AFFB0E21DD3CB600149F85 /* Info.plist */ = {isa = PBXFileReference; lastKnownFileType = text.plist.xml; path = Info.plist; sourceTree = "<group>"; };
/* End PBXFileReference section */

/* Begin PBXFrameworksBuildPhase section */
		B6AFFAE621DD3CB400149F85 /* Frameworks */ = {
			isa = PBXFrameworksBuildPhase;
			buildActionMask = 2147483647;
			files = (
			);
			runOnlyForDeploymentPostprocessing = 0;
		};
		B6AFFAFA21DD3CB600149F85 /* Frameworks */ = {
			isa = PBXFrameworksBuildPhase;
			buildActionMask = 2147483647;
			files = (
			);
			runOnlyForDeploymentPostprocessing = 0;
		};
		B6AFFB0521DD3CB600149F85 /* Frameworks */ = {
			isa = PBXFrameworksBuildPhase;
			buildActionMask = 2147483647;
			files = (
			);
			runOnlyForDeploymentPostprocessing = 0;
		};
/* End PBXFrameworksBuildPhase section */

/* Begin PBXGroup section */
		B6AFFAE021DD3CB400149F85 = {
			isa = PBXGroup;
			children = (
				B6AFFAEB21DD3CB400149F85 /* My First App */,
				B6AFFB0021DD3CB600149F85 /* My First AppTests */,
				B6AFFB0B21DD3CB600149F85 /* My First AppUITests */,
				B6AFFAEA21DD3CB400149F85 /* Products */,
			);
			sourceTree = "<group>";
		};
		B6AFFAEA21DD3CB400149F85 /* Products */ = {
			isa = PBXGroup;
			children = (
				B6AFFAE921DD3CB400149F85 /* My First App.app */,
				B6AFFAFD21DD3CB600149F85 /* My First AppTests.xctest */,
				B6AFFB0821DD3CB600149F85 /* My First AppUITests.xctest */,
			);
			name = Products;
			sourceTree = "<group>";
		};
		B6AFFAEB21DD3CB400149F85 /* My First App */ = {
			isa = PBXGroup;
			children = (
				B6AFFAEC21DD3CB400149F85 /* AppDelegate.swift */,
				B6AFFAEE21DD3CB400149F85 /* ViewController.swift */,
				B6AFFAF021DD3CB400149F85 /* Main.storyboard */,
				B6AFFAF321DD3CB500149F85 /* Assets.xcassets */,
				B6AFFAF521DD3CB500149F85 /* LaunchScreen.storyboard */,
				B6AFFAF821DD3CB500149F85 /* Info.plist */,
				B62ABC9921DE3D6D00F61537 /* Hedgehog.jpg */,
			);
			path = "My First App";
			sourceTree = "<group>";
		};
		B6AFFB0021DD3CB600149F85 /* My First AppTests */ = {
			isa = PBXGroup;
			children = (
				B6AFFB0121DD3CB600149F85 /* My_First_AppTests.swift */,
				B6AFFB0321DD3CB600149F85 /* Info.plist */,
			);
			path = "My First AppTests";
			sourceTree = "<group>";
		};
		B6AFFB0B21DD3CB600149F85 /* My First AppUITests */ = {
			isa = PBXGroup;
			children = (
				B6AFFB0C21DD3CB600149F85 /* My_First_AppUITests.swift */,
				B6AFFB0E21DD3CB600149F85 /* Info.plist */,
			);
			path = "My First AppUITests";
			sourceTree = "<group>";
		};
/* End PBXGroup section */

/* Begin PBXNativeTarget section */
		B6AFFAE821DD3CB400149F85 /* My First App */ = {
			isa = PBXNativeTarget;
			buildConfigurationList = B6AFFB1121DD3CB600149F85 /* Build configuration list for PBXNativeTarget "My First App" */;
			buildPhases = (
				B6AFFAE521DD3CB400149F85 /* Sources */,
				B6AFFAE621DD3CB400149F85 /* Frameworks */,
				B6AFFAE721DD3CB400149F85 /* Resources */,
			);
			buildRules = (
			);
			dependencies = (
			);
			name = "My First App";
			productName = "My First App";
			productReference = B6AFFAE921DD3CB400149F85 /* My First App.app */;
			productType = "com.apple.product-type.application";
		};
		B6AFFAFC21DD3CB600149F85 /* My First AppTests */ = {
			isa = PBXNativeTarget;
			buildConfigurationList = B6AFFB1421DD3CB600149F85 /* Build configuration list for PBXNativeTarget "My First AppTests" */;
			buildPhases = (
				B6AFFAF921DD3CB600149F85 /* Sources */,
				B6AFFAFA21DD3CB600149F85 /* Frameworks */,
				B6AFFAFB21DD3CB600149F85 /* Resources */,
			);
			buildRules = (
			);
			dependencies = (
				B6AFFAFF21DD3CB600149F85 /* PBXTargetDependency */,
			);
			name = "My First AppTests";
			productName = "My First AppTests";
			productReference = B6AFFAFD21DD3CB600149F85 /* My First AppTests.xctest */;
			productType = "com.apple.product-type.bundle.unit-test";
		};
		B6AFFB0721DD3CB600149F85 /* My First AppUITests */ = {
			isa = PBXNativeTarget;
			buildConfigurationList = B6AFFB1721DD3CB600149F85 /* Build configuration list for PBXNativeTarget "My First AppUITests" */;
			buildPhases = (
				B6AFFB0421DD3CB600149F85 /* Sources */,
				B6AFFB0521DD3CB600149F85 /* Frameworks */,
				B6AFFB0621DD3CB600149F85 /* Resources */,
			);
			buildRules = (
			);
			dependencies = (
				B6AFFB0A21DD3CB600149F85 /* PBXTargetDependency */,
			);
			name = "My First AppUITests";
			productName = "My First AppUITests";
			productReference = B6AFFB0821DD3CB600149F85 /* My First AppUITests.xctest */;
			productType = "com.apple.product-type.bundle.ui-testing";
		};
/* End PBXNativeTarget section */

/* Begin PBXProject section */
		B6AFFAE121DD3CB400149F85 /* Project object */ = {
			isa = PBXProject;
			attributes = {
				LastSwiftUpdateCheck = 1010;
				LastUpgradeCheck = 1010;
				ORGANIZATIONNAME = "Quentin Pousseur";
				TargetAttributes = {
					B6AFFAE821DD3CB400149F85 = {
						CreatedOnToolsVersion = 10.1;
					};
					B6AFFAFC21DD3CB600149F85 = {
						CreatedOnToolsVersion = 10.1;
						TestTargetID = B6AFFAE821DD3CB400149F85;
					};
					B6AFFB0721DD3CB600149F85 = {
						CreatedOnToolsVersion = 10.1;
						TestTargetID = B6AFFAE821DD3CB400149F85;
					};
				};
			};
			buildConfigurationList = B6AFFAE421DD3CB400149F85 /* Build configuration list for PBXProject "My First App" */;
			compatibilityVersion = "Xcode 9.3";
			developmentRegion = en;
			hasScannedForEncodings = 0;
			knownRegions = (
				en,
				Base,
			);
			mainGroup = B6AFFAE021DD3CB400149F85;
			productRefGroup = B6AFFAEA21DD3CB400149F85 /* Products */;
			projectDirPath = "";
			projectRoot = "";
			targets = (
				B6AFFAE821DD3CB400149F85 /* My First App */,
				B6AFFAFC21DD3CB600149F85 /* My First AppTests */,
				B6AFFB0721DD3CB600149F85 /* My First AppUITests */,
			);
		};
/* End PBXProject section */

/* Begin PBXResourcesBuildPhase section */
		B6AFFAE721DD3CB400149F85 /* Resources */ = {
			isa = PBXResourcesBuildPhase;
			buildActionMask = 2147483647;
			files = (
				B6AFFAF721DD3CB500149F85 /* LaunchScreen.storyboard in Resources */,
				B6AFFAF421DD3CB500149F85 /* Assets.xcassets in Resources */,
				B62ABC9A21DE3D6D00F61537 /* Hedgehog.jpg in Resources */,
				B6AFFAF221DD3CB400149F85 /* Main.storyboard in Resources */,
			);
			runOnlyForDeploymentPostprocessing = 0;
		};
		B6AFFAFB21DD3CB600149F85 /* Resources */ = {
			isa = PBXResourcesBuildPhase;
			buildActionMask = 2147483647;
			files = (
			);
			runOnlyForDeploymentPostprocessing = 0;
		};
		B6AFFB0621DD3CB600149F85 /* Resources */ = {
			isa = PBXResourcesBuildPhase;
			buildActionMask = 2147483647;
			files = (
			);
			runOnlyForDeploymentPostprocessing = 0;
		};
/* End PBXResourcesBuildPhase section */

/* Begin PBXSourcesBuildPhase section */
		B6AFFAE521DD3CB400149F85 /* Sources */ = {
			isa = PBXSourcesBuildPhase;
			buildActionMask = 2147483647;
			files = (
				B6AFFAEF21DD3CB400149F85 /* ViewController.swift in Sources */,
				B6AFFAED21DD3CB400149F85 /* AppDelegate.swift in Sources */,
			);
			runOnlyForDeploymentPostprocessing = 0;
		};
		B6AFFAF921DD3CB600149F85 /* Sources */ = {
			isa = PBXSourcesBuildPhase;
			buildActionMask = 2147483647;
			files = (
				B6AFFB0221DD3CB600149F85 /* My_First_AppTests.swift in Sources */,
			);
			runOnlyForDeploymentPostprocessing = 0;
		};
		B6AFFB0421DD3CB600149F85 /* Sources */ = {
			isa = PBXSourcesBuildPhase;
			buildActionMask = 2147483647;
			files = (
				B6AFFB0D21DD3CB600149F85 /* My_First_AppUITests.swift in Sources */,
			);
			runOnlyForDeploymentPostprocessing = 0;
		};
/* End PBXSourcesBuildPhase section */

/* Begin PBXTargetDependency section */
		B6AFFAFF21DD3CB600149F85 /* PBXTargetDependency */ = {
			isa = PBXTargetDependency;
			target = B6AFFAE821DD3CB400149F85 /* My First App */;
			targetProxy = B6AFFAFE21DD3CB600149F85 /* PBXContainerItemProxy */;
		};
		B6AFFB0A21DD3CB600149F85 /* PBXTargetDependency */ = {
			isa = PBXTargetDependency;
			target = B6AFFAE821DD3CB400149F85 /* My First App */;
			targetProxy = B6AFFB0921DD3CB600149F85 /* PBXContainerItemProxy */;
		};
/* End PBXTargetDependency section */

/* Begin PBXVariantGroup section */
		B6AFFAF021DD3CB400149F85 /* Main.storyboard */ = {
			isa = PBXVariantGroup;
			children = (
				B6AFFAF121DD3CB400149F85 /* Base */,
			);
			name = Main.storyboard;
			sourceTree = "<group>";
		};
		B6AFFAF521DD3CB500149F85 /* LaunchScreen.storyboard */ = {
			isa = PBXVariantGroup;
			children = (
				B6AFFAF621DD3CB500149F85 /* Base */,
			);
			name = LaunchScreen.storyboard;
			sourceTree = "<group>";
		};
/* End PBXVariantGroup section */

/* Begin XCBuildConfiguration section */
		B6AFFB0F21DD3CB600149F85 /* Debug */ = {
			isa = XCBuildConfiguration;
			buildSettings = {
				ALWAYS_SEARCH_USER_PATHS = NO;
				CLANG_ANALYZER_NONNULL = YES;
				CLANG_ANALYZER_NUMBER_OBJECT_CONVERSION = YES_AGGRESSIVE;
				CLANG_CXX_LANGUAGE_STANDARD = "gnu++14";
				CLANG_CXX_LIBRARY = "libc++";
				CLANG_ENABLE_MODULES = YES;
				CLANG_ENABLE_OBJC_ARC = YES;
				CLANG_ENABLE_OBJC_WEAK = YES;
				CLANG_WARN_BLOCK_CAPTURE_AUTORELEASING = YES;
				CLANG_WARN_BOOL_CONVERSION = YES;
				CLANG_WARN_COMMA = YES;
				CLANG_WARN_CONSTANT_CONVERSION = YES;
				CLANG_WARN_DEPRECATED_OBJC_IMPLEMENTATIONS = YES;
				CLANG_WARN_DIRECT_OBJC_ISA_USAGE = YES_ERROR;
				CLANG_WARN_DOCUMENTATION_COMMENTS = YES;
				CLANG_WARN_EMPTY_BODY = YES;
				CLANG_WARN_ENUM_CONVERSION = YES;
				CLANG_WARN_INFINITE_RECURSION = YES;
				CLANG_WARN_INT_CONVERSION = YES;
				CLANG_WARN_NON_LITERAL_NULL_CONVERSION = YES;
				CLANG_WARN_OBJC_IMPLICIT_RETAIN_SELF = YES;
				CLANG_WARN_OBJC_LITERAL_CONVERSION = YES;
				CLANG_WARN_OBJC_ROOT_CLASS = YES_ERROR;
				CLANG_WARN_RANGE_LOOP_ANALYSIS = YES;
				CLANG_WARN_STRICT_PROTOTYPES = YES;
				CLANG_WARN_SUSPICIOUS_MOVE = YES;
				CLANG_WARN_UNGUARDED_AVAILABILITY = YES_AGGRESSIVE;
				CLANG_WARN_UNREACHABLE_CODE = YES;
				CLANG_WARN__DUPLICATE_METHOD_MATCH = YES;
				CODE_SIGN_IDENTITY = "iPhone Developer";
				COPY_PHASE_STRIP = NO;
				DEBUG_INFORMATION_FORMAT = dwarf;
				ENABLE_STRICT_OBJC_MSGSEND = YES;
				ENABLE_TESTABILITY = YES;
				GCC_C_LANGUAGE_STANDARD = gnu11;
				GCC_DYNAMIC_NO_PIC = NO;
				GCC_NO_COMMON_BLOCKS = YES;
				GCC_OPTIMIZATION_LEVEL = 0;
				GCC_PREPROCESSOR_DEFINITIONS = (
					"DEBUG=1",
					"$(inherited)",
				);
				GCC_WARN_64_TO_32_BIT_CONVERSION = YES;
				GCC_WARN_ABOUT_RETURN_TYPE = YES_ERROR;
				GCC_WARN_UNDECLARED_SELECTOR = YES;
				GCC_WARN_UNINITIALIZED_AUTOS = YES_AGGRESSIVE;
				GCC_WARN_UNUSED_FUNCTION = YES;
				GCC_WARN_UNUSED_VARIABLE = YES;
				IPHONEOS_DEPLOYMENT_TARGET = 12.1;
				MTL_ENABLE_DEBUG_INFO = INCLUDE_SOURCE;
				MTL_FAST_MATH = YES;
				ONLY_ACTIVE_ARCH = YES;
				SDKROOT = iphoneos;
				SWIFT_ACTIVE_COMPILATION_CONDITIONS = DEBUG;
				SWIFT_OPTIMIZATION_LEVEL = "-Onone";
			};
			name = Debug;
		};
		B6AFFB1021DD3CB600149F85 /* Release */ = {
			isa = XCBuildConfiguration;
			buildSettings = {
				ALWAYS_SEARCH_USER_PATHS = NO;
				CLANG_ANALYZER_NONNULL = YES;
				CLANG_ANALYZER_NUMBER_OBJECT_CONVERSION = YES_AGGRESSIVE;
				CLANG_CXX_LANGUAGE_STANDARD = "gnu++14";
				CLANG_CXX_LIBRARY = "libc++";
				CLANG_ENABLE_MODULES = YES;
				CLANG_ENABLE_OBJC_ARC = YES;
				CLANG_ENABLE_OBJC_WEAK = YES;
				CLANG_WARN_BLOCK_CAPTURE_AUTORELEASING = YES;
				CLANG_WARN_BOOL_CONVERSION = YES;
				CLANG_WARN_COMMA = YES;
				CLANG_WARN_CONSTANT_CONVERSION = YES;
				CLANG_WARN_DEPRECATED_OBJC_IMPLEMENTATIONS = YES;
				CLANG_WARN_DIRECT_OBJC_ISA_USAGE = YES_ERROR;
				CLANG_WARN_DOCUMENTATION_COMMENTS = YES;
				CLANG_WARN_EMPTY_BODY = YES;
				CLANG_WARN_ENUM_CONVERSION = YES;
				CLANG_WARN_INFINITE_RECURSION = YES;
				CLANG_WARN_INT_CONVERSION = YES;
				CLANG_WARN_NON_LITERAL_NULL_CONVERSION = YES;
				CLANG_WARN_OBJC_IMPLICIT_RETAIN_SELF = YES;
				CLANG_WARN_OBJC_LITERAL_CONVERSION = YES;
				CLANG_WARN_OBJC_ROOT_CLASS = YES_ERROR;
				CLANG_WARN_RANGE_LOOP_ANALYSIS = YES;
				CLANG_WARN_STRICT_PROTOTYPES = YES;
				CLANG_WARN_SUSPICIOUS_MOVE = YES;
				CLANG_WARN_UNGUARDED_AVAILABILITY = YES_AGGRESSIVE;
				CLANG_WARN_UNREACHABLE_CODE = YES;
				CLANG_WARN__DUPLICATE_METHOD_MATCH = YES;
				CODE_SIGN_IDENTITY = "iPhone Developer";
				COPY_PHASE_STRIP = NO;
				DEBUG_INFORMATION_FORMAT = "dwarf-with-dsym";
				ENABLE_NS_ASSERTIONS = NO;
				ENABLE_STRICT_OBJC_MSGSEND = YES;
				GCC_C_LANGUAGE_STANDARD = gnu11;
				GCC_NO_COMMON_BLOCKS = YES;
				GCC_WARN_64_TO_32_BIT_CONVERSION = YES;
				GCC_WARN_ABOUT_RETURN_TYPE = YES_ERROR;
				GCC_WARN_UNDECLARED_SELECTOR = YES;
				GCC_WARN_UNINITIALIZED_AUTOS = YES_AGGRESSIVE;
				GCC_WARN_UNUSED_FUNCTION = YES;
				GCC_WARN_UNUSED_VARIABLE = YES;
				IPHONEOS_DEPLOYMENT_TARGET = 12.1;
				MTL_ENABLE_DEBUG_INFO = NO;
				MTL_FAST_MATH = YES;
				SDKROOT = iphoneos;
				SWIFT_COMPILATION_MODE = wholemodule;
				SWIFT_OPTIMIZATION_LEVEL = "-O";
				VALIDATE_PRODUCT = YES;
			};
			name = Release;
		};
		B6AFFB1221DD3CB600149F85 /* Debug */ = {
			isa = XCBuildConfiguration;
			buildSettings = {
				ASSETCATALOG_COMPILER_APPICON_NAME = AppIcon;
				CODE_SIGN_STYLE = Automatic;
				DEVELOPMENT_TEAM = LYLAHT6W2B;
				INFOPLIST_FILE = "My First App/Info.plist";
				LD_RUNPATH_SEARCH_PATHS = (
					"$(inherited)",
					"@executable_path/Frameworks",
				);
				PRODUCT_BUNDLE_IDENTIFIER = "com.quentinpousseur.My-First-App";
				PRODUCT_NAME = "$(TARGET_NAME)";
				SWIFT_VERSION = 4.2;
				TARGETED_DEVICE_FAMILY = "1,2";
			};
			name = Debug;
		};
		B6AFFB1321DD3CB600149F85 /* Release */ = {
			isa = XCBuildConfiguration;
			buildSettings = {
				ASSETCATALOG_COMPILER_APPICON_NAME = AppIcon;
				CODE_SIGN_STYLE = Automatic;
				DEVELOPMENT_TEAM = LYLAHT6W2B;
				INFOPLIST_FILE = "My First App/Info.plist";
				LD_RUNPATH_SEARCH_PATHS = (
					"$(inherited)",
					"@executable_path/Frameworks",
				);
				PRODUCT_BUNDLE_IDENTIFIER = "com.quentinpousseur.My-First-App";
				PRODUCT_NAME = "$(TARGET_NAME)";
				SWIFT_VERSION = 4.2;
				TARGETED_DEVICE_FAMILY = "1,2";
			};
			name = Release;
		};
		B6AFFB1521DD3CB600149F85 /* Debug */ = {
			isa = XCBuildConfiguration;
			buildSettings = {
				ALWAYS_EMBED_SWIFT_STANDARD_LIBRARIES = YES;
				BUNDLE_LOADER = "$(TEST_HOST)";
				CODE_SIGN_STYLE = Automatic;
				DEVELOPMENT_TEAM = LYLAHT6W2B;
				INFOPLIST_FILE = "My First AppTests/Info.plist";
				LD_RUNPATH_SEARCH_PATHS = (
					"$(inherited)",
					"@executable_path/Frameworks",
					"@loader_path/Frameworks",
				);
				PRODUCT_BUNDLE_IDENTIFIER = "com.quentinpousseur.My-First-AppTests";
				PRODUCT_NAME = "$(TARGET_NAME)";
				SWIFT_VERSION = 4.2;
				TARGETED_DEVICE_FAMILY = "1,2";
				TEST_HOST = "$(BUILT_PRODUCTS_DIR)/My First App.app/My First App";
			};
			name = Debug;
		};
		B6AFFB1621DD3CB600149F85 /* Release */ = {
			isa = XCBuildConfiguration;
			buildSettings = {
				ALWAYS_EMBED_SWIFT_STANDARD_LIBRARIES = YES;
				BUNDLE_LOADER = "$(TEST_HOST)";
				CODE_SIGN_STYLE = Automatic;
				DEVELOPMENT_TEAM = LYLAHT6W2B;
				INFOPLIST_FILE = "My First AppTests/Info.plist";
				LD_RUNPATH_SEARCH_PATHS = (
					"$(inherited)",
					"@executable_path/Frameworks",
					"@loader_path/Frameworks",
				);
				PRODUCT_BUNDLE_IDENTIFIER = "com.quentinpousseur.My-First-AppTests";
				PRODUCT_NAME = "$(TARGET_NAME)";
				SWIFT_VERSION = 4.2;
				TARGETED_DEVICE_FAMILY = "1,2";
				TEST_HOST = "$(BUILT_PRODUCTS_DIR)/My First App.app/My First App";
			};
			name = Release;
		};
		B6AFFB1821DD3CB600149F85 /* Debug */ = {
			isa = XCBuildConfiguration;
			buildSettings = {
				ALWAYS_EMBED_SWIFT_STANDARD_LIBRARIES = YES;
				CODE_SIGN_STYLE = Automatic;
				DEVELOPMENT_TEAM = LYLAHT6W2B;
				INFOPLIST_FILE = "My First AppUITests/Info.plist";
				LD_RUNPATH_SEARCH_PATHS = (
					"$(inherited)",
					"@executable_path/Frameworks",
					"@loader_path/Frameworks",
				);
				PRODUCT_BUNDLE_IDENTIFIER = "com.quentinpousseur.My-First-AppUITests";
				PRODUCT_NAME = "$(TARGET_NAME)";
				SWIFT_VERSION = 4.2;
				TARGETED_DEVICE_FAMILY = "1,2";
				TEST_TARGET_NAME = "My First App";
			};
			name = Debug;
		};
		B6AFFB1921DD3CB600149F85 /* Release */ = {
			isa = XCBuildConfiguration;
			buildSettings = {
				ALWAYS_EMBED_SWIFT_STANDARD_LIBRARIES = YES;
				CODE_SIGN_STYLE = Automatic;
				DEVELOPMENT_TEAM = LYLAHT6W2B;
				INFOPLIST_FILE = "My First AppUITests/Info.plist";
				LD_RUNPATH_SEARCH_PATHS = (
					"$(inherited)",
					"@executable_path/Frameworks",
					"@loader_path/Frameworks",
				);
				PRODUCT_BUNDLE_IDENTIFIER = "com.quentinpousseur.My-First-AppUITests";
				PRODUCT_NAME = "$(TARGET_NAME)";
				SWIFT_VERSION = 4.2;
				TARGETED_DEVICE_FAMILY = "1,2";
				TEST_TARGET_NAME = "My First App";
			};
			name = Release;
		};
/* End XCBuildConfiguration section */

/* Begin XCConfigurationList section */
		B6AFFAE421DD3CB400149F85 /* Build configuration list for PBXProject "My First App" */ = {
			isa = XCConfigurationList;
			buildConfigurations = (
				B6AFFB0F21DD3CB600149F85 /* Debug */,
				B6AFFB1021DD3CB600149F85 /* Release */,
			);
			defaultConfigurationIsVisible = 0;
			defaultConfigurationName = Release;
		};
		B6AFFB1121DD3CB600149F85 /* Build configuration list for PBXNativeTarget "My First App" */ = {
			isa = XCConfigurationList;
			buildConfigurations = (
				B6AFFB1221DD3CB600149F85 /* Debug */,
				B6AFFB1321DD3CB600149F85 /* Release */,
			);
			defaultConfigurationIsVisible = 0;
			defaultConfigurationName = Release;
		};
		B6AFFB1421DD3CB600149F85 /* Build configuration list for PBXNativeTarget "My First AppTests" */ = {
			isa = XCConfigurationList;
			buildConfigurations = (
				B6AFFB1521DD3CB600149F85 /* Debug */,
				B6AFFB1621DD3CB600149F85 /* Release */,
			);
			defaultConfigurationIsVisible = 0;
			defaultConfigurationName = Release;
		};
		B6AFFB1721DD3CB600149F85 /* Build configuration list for PBXNativeTarget "My First AppUITests" */ = {
			isa = XCConfigurationList;
			buildConfigurations = (
				B6AFFB1821DD3CB600149F85 /* Debug */,
				B6AFFB1921DD3CB600149F85 /* Release */,
			);
			defaultConfigurationIsVisible = 0;
			defaultConfigurationName = Release;
		};
/* End XCConfigurationList section */
	};
	rootObject = B6AFFAE121DD3CB400149F85 /* Project object */;
}
